{
    "doctrine/data-fixtures": {
        "version": "v1.3.2"
    },
    "doctrine/doctrine-fixtures-bundle": {
        "version": "3.0",
        "recipe": {
            "repo": "github.com/symfony/recipes",
            "branch": "master",
            "version": "3.0",
            "ref": "fc52d86631a6dfd9fdf3381d0b7e3df2069e51b3"
        },
        "files": [
            "src/DataFixtures/AppFixtures.php"
        ]
    },
    "doctrine/event-manager": {
        "version": "v1.0.0"
    },
    "doctrine/persistence": {
        "version": "v1.1.0"
    },
    "doctrine/reflection": {
        "version": "v1.0.0"
    },
    "hoa/compiler": {
        "version": "3.17.08.08"
    },
    "hoa/consistency": {
        "version": "1.17.05.02"
    },
    "hoa/event": {
        "version": "1.17.01.13"
    },
    "hoa/exception": {
        "version": "1.17.01.16"
    },
    "hoa/file": {
        "version": "1.17.07.11"
    },
    "hoa/iterator": {
        "version": "2.17.01.10"
    },
    "hoa/math": {
        "version": "1.17.05.16"
    },
    "hoa/protocol": {
        "version": "1.17.01.14"
    },
    "hoa/regex": {
        "version": "1.17.01.13"
    },
    "hoa/stream": {
        "version": "1.17.02.21"
    },
    "hoa/ustring": {
        "version": "4.17.01.16"
    },
    "hoa/visitor": {
        "version": "2.17.01.16"
    },
    "hoa/zformat": {
        "version": "1.17.01.10"
    },
    "jms/metadata": {
        "version": "2.0.0"
    },
    "jms/serializer": {
        "version": "3.1.1"
    },
    "jms/serializer-bundle": {
        "version": "3.0",
        "recipe": {
            "repo": "github.com/symfony/recipes-contrib",
            "branch": "master",
            "version": "3.0",
            "ref": "384cec52df45f3bfd46a09930d6960a58872b268"
        },
        "files": [
            "config/packages/dev/jms_serializer.yaml",
            "config/packages/jms_serializer.yaml",
            "config/packages/prod/jms_serializer.yaml"
        ]
    },
    "symfony/cache-contracts": {
        "version": "v1.1.5"
    },
    "symfony/event-dispatcher-contracts": {
        "version": "v1.1.5"
    },
    "symfony/mime": {
        "version": "v4.3.2"
    },
    "symfony/polyfill-intl-idn": {
        "version": "v1.11.0"
    },
    "symfony/polyfill-php72": {
        "version": "v1.11.0"
    },
    "symfony/polyfill-php73": {
        "version": "v1.11.0"
    },
    "symfony/security-core": {
        "version": "v4.3.2"
    },
    "symfony/service-contracts": {
        "version": "v1.1.5"
    },
    "symfony/stopwatch": {
        "version": "v4.2.2"
    },
    "symfony/translation-contracts": {
        "version": "v1.1.5"
    },
    "symfony/var-exporter": {
        "version": "v4.2.2"
    }
}
